
Microsoft Visual Studio Solution File, Format Version 12.00
# Visual Studio 15
VisualStudioVersion = 15.0.28010.2016
MinimumVisualStudioVersion = 10.0.40219.1
Project("{8BC9CEB8-8B4A-11D0-8D11-00A0C91BC942}") = "UVa471", "UVa471\UVa471.vcxproj", "{15A3B654-BC6D-4FC4-A3C7-9145E244D5AB}"
EndProject
Global
	GlobalSection(SolutionConfigurationPlatforms) = preSolution
		Debug|x64 = Debug|x64
		Debug|x86 = Debug|x86
		Release|x64 = Release|x64
		Release|x86 = Release|x86
	EndGlobalSection
	GlobalSection(ProjectConfigurationPlatforms) = postSolution
		{15A3B654-BC6D-4FC4-A3C7-9145E244D5AB}.Debug|x64.ActiveCfg = Debug|x64
		{15A3B654-BC6D-4FC4-A3C7-9145E244D5AB}.Debug|x64.Build.0 = Debug|x64
		{15A3B654-BC6D-4FC4-A3C7-9145E244D5AB}.Debug|x86.ActiveCfg = Debug|Win32
		{15A3B654-BC6D-4FC4-A3C7-9145E244D5AB}.Debug|x86.Build.0 = Debug|Win32
		{15A3B654-BC6D-4FC4-A3C7-9145E244D5AB}.Release|x64.ActiveCfg = Release|x64
		{15A3B654-BC6D-4FC4-A3C7-9145E244D5AB}.Release|x64.Build.0 = Release|x64
		{15A3B654-BC6D-4FC4-A3C7-9145E244D5AB}.Release|x86.ActiveCfg = Release|Win32
		{15A3B654-BC6D-4FC4-A3C7-9145E244D5AB}.Release|x86.Build.0 = Release|Win32
	EndGlobalSection
	GlobalSection(SolutionProperties) = preSolution
		HideSolutionNode = FALSE
	EndGlobalSection
	GlobalSection(ExtensibilityGlobals) = postSolution
		SolutionGuid = {CA8DCB47-A9B9-4A51-84A0-798E7D98C1C0}
	EndGlobalSection
EndGlobal
